{
  "object": {
    "pins": [
      {
        "package": "Starscream",
        "repositoryURL": "https://github.com/daltoniam/Starscream.git",
        "state": {
          "branch": "master",
          "revision": "6f18c4938a8d0f615d113ee4213a9d3809e2d23f",
          "version": null
        }
      }
    ]
  },
  "version": 1
}
